version = 1
revision = 1
requires-python = ">=3.13"

[[package]]
name = "amulet-core"
version = "1.9.35"
source = { registry = "https://pypi.org/simple" }
dependencies = [
    { name = "amulet-leveldb" },
    { name = "amulet-nbt" },
    { name = "lz4" },
    { name = "numpy" },
    { name = "platformdirs" },
    { name = "portalocker" },
    { name = "pymctranslate" },
]
sdist = { url = "https://files.pythonhosted.org/packages/e6/d3/18fab9664814075a03e3a426a544953a9e19be0944b1925e07b9cee7cd18/amulet_core-1.9.35.tar.gz", hash = "sha256:26b7a5a1110e276146b580e686b654308217952fa74ab30be8e34ff7c31ceed2", size = 202926 }
wheels = [
    { url = "https://files.pythonhosted.org/packages/a4/f1/d20a9fd95b16bbb0dc6ee56bb714d9fa71c371c66ac64d19e97b6d469b88/amulet_core-1.9.35-py3-none-any.whl", hash = "sha256:30154f08ec58b9e8e87f496f58d39caa24f4b2299fe7522074b72d3aa556838b", size = 275865 },
]

[[package]]
name = "amulet-leveldb"
version = "1.0.2"
source = { registry = "https://pypi.org/simple" }
sdist = { url = "https://files.pythonhosted.org/packages/8a/69/03882a4a7ed933d1f0c622d93a5b2eef2fa51c4bf8ca1ec84d43b88eb113/amulet_leveldb-1.0.2.tar.gz", hash = "sha256:b3aa511ef71bf6bc6b21e96395bded0f392b1dc093ef58d5535067d80ab41541", size = 745550 }

[[package]]
name = "amulet-nbt"
version = "2.1.5"
source = { registry = "https://pypi.org/simple" }
dependencies = [
    { name = "mutf8" },
    { name = "numpy" },
]
sdist = { url = "https://files.pythonhosted.org/packages/87/d5/b6d5eca9be6f1956e1eb3c2b04d5f09c4b532f0d08111fcd85430cc36718/amulet_nbt-2.1.5.tar.gz", hash = "sha256:ab23373efb251993a526381311e5f25cdcb5a33ee373a785198733543defbb17", size = 1423568 }

[[package]]
name = "colorama"
version = "0.4.6"
source = { registry = "https://pypi.org/simple" }
sdist = { url = "https://files.pythonhosted.org/packages/d8/53/6f443c9a4a8358a93a6792e2acffb9d9d5cb0a5cfd8802644b7b1c9a02e4/colorama-0.4.6.tar.gz", hash = "sha256:08695f5cb7ed6e0531a20572697297273c47b8cae5a63ffc6d6ed5c201be6e44", size = 27697 }
wheels = [
    { url = "https://files.pythonhosted.org/packages/d1/d6/3965ed04c63042e047cb6a3e6ed1a63a35087b6a609aa3a15ed8ac56c221/colorama-0.4.6-py2.py3-none-any.whl", hash = "sha256:4f1d9991f5acc0ca119f9d443620b77f9d6b33703e51011c16baf57afb285fc6", size = 25335 },
]

[[package]]
name = "ifc2mc"
version = "0.1.0"
source = { editable = "." }
dependencies = [
    { name = "amulet-core" },
    { name = "ifcopenshell" },
    { name = "trimesh" },
]

[package.dev-dependencies]
dev = [
    { name = "pytest" },
]

[package.metadata]
requires-dist = [
    { name = "amulet-core", specifier = ">=1.9.35" },
    { name = "ifcopenshell", specifier = ">=0.8.4.post1" },
    { name = "trimesh", specifier = ">=4.11.1" },
]

[package.metadata.requires-dev]
dev = [{ name = "pytest", specifier = ">=9.0.2" }]

[[package]]
name = "ifcopenshell"
version = "0.8.4.post1"
source = { registry = "https://pypi.org/simple" }
dependencies = [
    { name = "isodate" },
    { name = "lark" },
    { name = "numpy" },
    { name = "python-dateutil" },
    { name = "shapely" },
    { name = "typing-extensions" },
]
wheels = [
    { url = "https://files.pythonhosted.org/packages/f4/1d/50561eed4001f65b55568254bde4212ea543dad5d82b4ea19ce96d2beb1c/ifcopenshell-0.8.4.post1-py310-none-macosx_10_15_x86_64.whl", hash = "sha256:0d8749bc9741e06280b84a05bb23e3c6b84b60bf8268e9ad022895097a36b6ce", size = 44707468 },
    { url = "https://files.pythonhosted.org/packages/64/a8/3b6ca588d3756832e69e659cea313d979cedc7bc5435d548777d5e31ec6a/ifcopenshell-0.8.4.post1-py310-none-macosx_11_0_arm64.whl", hash = "sha256:c404474f421d64746563a4a8607b116cb31d0edef058a7e51c6383e221654486", size = 42129009 },
    { url = "https://files.pythonhosted.org/packages/e8/84/6002a38863b7a411bf83e2cd80b433cfd3b4b0b870a02e5323fbf2ec8d21/ifcopenshell-0.8.4.post1-py310-none-manylinux_2_31_aarch64.whl", hash = "sha256:51643c1455da6e8bed68589c5c8a354b81bb37d72ac4fb86153f0498cde0b809", size = 39711784 },
    { url = "https://files.pythonhosted.org/packages/ed/09/395c997e7f633df79d8049dd530a3566b034358aa759118fb79b463e1ef3/ifcopenshell-0.8.4.post1-py310-none-manylinux_2_31_x86_64.whl", hash = "sha256:3ce52bbf24aeff667667bf90cbb80387e497806186cfde6772f7d0c4530b6333", size = 42599969 },
    { url = "https://files.pythonhosted.org/packages/03/eb/da54d7f5b851a004659e90074c6ca6d8792b269b86e29141206d591f0ab9/ifcopenshell-0.8.4.post1-py310-none-win_amd64.whl", hash = "sha256:60c7008391e27bacbadf4820945f95d177772bc88f2ce2fd58ae7c921b38b6f2", size = 24421529 },
    { url = "https://files.pythonhosted.org/packages/18/59/38f863c3233ab814312f221f700c4015da1ed42f42b533390e6f02a20899/ifcopenshell-0.8.4.post1-py311-none-macosx_10_15_x86_64.whl", hash = "sha256:908bf4f1f79205382762f813e6f9ffac33ca947636cdae6d489cdc2ed2b31096", size = 44707468 },
    { url = "https://files.pythonhosted.org/packages/47/e8/c5138189e58c56a4954f3cc7c696eaa1daa7f08bbfa3569fad87d4140e64/ifcopenshell-0.8.4.post1-py311-none-macosx_11_0_arm64.whl", hash = "sha256:4d9ee560ea397aaacd692a985c4dec24fd35cf4b8e41dd6334efc4e6beb96261", size = 42129000 },
    { url = "https://files.pythonhosted.org/packages/cb/9e/32b1c52c00c92137cd06ec42bac4ae8ba6a3fd091240c437b6c34c6fbab8/ifcopenshell-0.8.4.post1-py311-none-manylinux_2_31_aarch64.whl", hash = "sha256:35f876650d20d4efb038b1b0eca8f0acef35b31936954ac4ad6b40186b45e381", size = 39712524 },
    { url = "https://files.pythonhosted.org/packages/8d/5d/38ed682bca572525d702e3c03a17cd82a8b4585d9ef613921e7924be2c85/ifcopenshell-0.8.4.post1-py311-none-manylinux_2_31_x86_64.whl", hash = "sha256:07d12a4ccb95219b8a53e046c079826c59585b27861fdd308f7f223b80a83253", size = 42600723 },
    { url = "https://files.pythonhosted.org/packages/a8/41/2ad10bf083d868a4e0dd7e2787060c45e9ef91d62f2b6229a9552f921035/ifcopenshell-0.8.4.post1-py311-none-win_amd64.whl", hash = "sha256:5e977b4e7ee9e77bdc1b3f529e8a1c3c0df13ae0fb72400008595935ba09a199", size = 24421279 },
    { url = "https://files.pythonhosted.org/packages/e2/90/42a3cdecaa9ceeb91911548f5742855fd2ea7407b0c5a50702a600b12660/ifcopenshell-0.8.4.post1-py312-none-macosx_10_15_x86_64.whl", hash = "sha256:622b9c7da5d54071af976206d35fb82501d00ac96dec420d3abdc16483ef3118", size = 44723876 },
    { url = "https://files.pythonhosted.org/packages/3a/1d/295f8e92005f5d81c5634b52fbe340cd3576805725572e9cc80cdf5629bf/ifcopenshell-0.8.4.post1-py312-none-macosx_11_0_arm64.whl", hash = "sha256:24580fb942e4c3530ea8bb404d679962b79f892ffb5fa8cb72f5cdd6a1ac451e", size = 42131881 },
    { url = "https://files.pythonhosted.org/packages/33/29/3331d2b684a141b5ea38152b0f135db91b98ee74209a6228a508a532c1e5/ifcopenshell-0.8.4.post1-py312-none-manylinux_2_31_aarch64.whl", hash = "sha256:904ff0f1e44c453163b29f8d170b6e4c0c3413128e63add09642e26a2ebf4388", size = 39715443 },
    { url = "https://files.pythonhosted.org/packages/e5/e1/a51359f52ab36e0acc1e0c234421b6c34af7e2384d141361d6cc9b84b49b/ifcopenshell-0.8.4.post1-py312-none-manylinux_2_31_x86_64.whl", hash = "sha256:0945e3107989d94206aac00e14da7ddf57fcf932ad5fd52bf2686f6d8b5b199b", size = 42603685 },
    { url = "https://files.pythonhosted.org/packages/39/61/e77cae8a964b249497a3a74b953a02f677b7790ec05835b6e8a72de64bd8/ifcopenshell-0.8.4.post1-py312-none-win_amd64.whl", hash = "sha256:c19860aa2e764b3bc51088369192651122e013b58880cc2b5bfeb8c5a44034eb", size = 24423977 },
    { url = "https://files.pythonhosted.org/packages/9f/63/4824b346c0ab15a7082fb6513ca9cf5dd6e8d2bdc8f29f60b0b824e0f965/ifcopenshell-0.8.4.post1-py313-none-macosx_10_15_x86_64.whl", hash = "sha256:1e5ec05c77156b4ade1ef16b70b5065888b96552645032f10795edf5f3bafb22", size = 44723880 },
    { url = "https://files.pythonhosted.org/packages/cb/fa/81085742ac3e58a0a2b85da29d3b4d3ca64cc3766467e65cc9c9053cb833/ifcopenshell-0.8.4.post1-py313-none-macosx_11_0_arm64.whl", hash = "sha256:ad7cf4dacbf6a855b1ec9ba82bbc9d737d74aff2b0311febb1037401201684c2", size = 42131883 },
    { url = "https://files.pythonhosted.org/packages/f6/6f/2f8c4f64796c993f7014c77f8d38ddc0e073cac4ad3efab64231cdfbd655/ifcopenshell-0.8.4.post1-py313-none-manylinux_2_31_aarch64.whl", hash = "sha256:ae1c75b42768db0c40d3d7de0a17f1836488591908f45c9dd3fa5b993ee2b61b", size = 39713877 },
    { url = "https://files.pythonhosted.org/packages/9a/b6/57017c627ad81c4f1c6443451b4d197f010a8258fbe44fd76b8a877f1e6b/ifcopenshell-0.8.4.post1-py313-none-manylinux_2_31_x86_64.whl", hash = "sha256:972103990d182ad6224870f869536d9ea10bf3fad36a8ee3d6a8ab208dccac78", size = 42603371 },
    { url = "https://files.pythonhosted.org/packages/ee/d0/9bd6f9a84c946b7e48728981e6301fc5d4f929a13aa2a4b9364014799318/ifcopenshell-0.8.4.post1-py313-none-win_amd64.whl", hash = "sha256:bbcfcbc376f8c35d9ad4c8e8ffb398477aad32c08d301e45659bb72391f93abf", size = 24421513 },
    { url = "https://files.pythonhosted.org/packages/5c/f2/6dfc14554a744c9022eb7c3a5f3e10d5d402c88773df078141316f60dc67/ifcopenshell-0.8.4.post1-py314-none-macosx_10_15_x86_64.whl", hash = "sha256:3f371edc2ec9c20f13132f58fd80ebff7deeecf3c2d0befb8912fff8a7cd0ab2", size = 44724144 },
    { url = "https://files.pythonhosted.org/packages/02/ba/592141bbde639c7c23ac47a6b6a95979ebcb87d1b6a5ccf14d09aef4c9de/ifcopenshell-0.8.4.post1-py314-none-macosx_11_0_arm64.whl", hash = "sha256:6a97b49e42b1764fed16b21def59bfe24189e0fa99f663d919f0a10df6be3a2d", size = 42132885 },
    { url = "https://files.pythonhosted.org/packages/49/d6/7aea45cf1b583a75a26b8aeada257c2107bdd368d0ae6fc0495ab081eeae/ifcopenshell-0.8.4.post1-py314-none-manylinux_2_31_aarch64.whl", hash = "sha256:9a4a24478c98643f138dc309e8abf3bb07c2c869176f6210763f1abce21cea93", size = 39714877 },
    { url = "https://files.pythonhosted.org/packages/87/72/ddcdd0f311aeaceb29e2a2fbcffa61ab59e5beab61f93a5a327e769e4bea/ifcopenshell-0.8.4.post1-py314-none-manylinux_2_31_x86_64.whl", hash = "sha256:9831ed68449864069b5fe34ae1c5ab7cd1a3c5cbcc6d4209aff47a4081d64ae2", size = 42604101 },
    { url = "https://files.pythonhosted.org/packages/d2/99/010cd6f9c4212ab5e50e271b9624d461bf473a15ba15d99c340442ac4688/ifcopenshell-0.8.4.post1-py314-none-win_amd64.whl", hash = "sha256:901981a806b3614d52c4cb66d34feafafcbdea7351bb4271c1385c2321d6f76f", size = 24424281 },
    { url = "https://files.pythonhosted.org/packages/39/31/8563acef573677582335463b8658dce46d964a4463fcf3ccb7a8d8584219/ifcopenshell-0.8.4.post1-py39-none-macosx_10_15_x86_64.whl", hash = "sha256:503661af146648c393f819156570cd56948e4c6da3aa3a700c4d8119e96dfef6", size = 44707483 },
    { url = "https://files.pythonhosted.org/packages/a4/74/40614bf534b578184baf4298e4a2125ffa0df3fadf17f8e5c245303a8c4d/ifcopenshell-0.8.4.post1-py39-none-macosx_11_0_arm64.whl", hash = "sha256:ff7ea50b64200ff87bdaaef04d7cca1bf8e22c25b81cb525ff8d440f8ad27cd4", size = 42129009 },
    { url = "https://files.pythonhosted.org/packages/a4/37/f4a23b7892c9b041a2a5a50438479eda849ade7deeec18b285563a1937d0/ifcopenshell-0.8.4.post1-py39-none-manylinux_2_31_aarch64.whl", hash = "sha256:3b722d1f875e47e0253310451458b05aff5eb0277d83dcab7009250fdfcfa5d4", size = 39709209 },
    { url = "https://files.pythonhosted.org/packages/d5/d9/a5c9b36a0da73c895cd437855d7844c7f311b4fbd23bcad413eb61326b07/ifcopenshell-0.8.4.post1-py39-none-manylinux_2_31_x86_64.whl", hash = "sha256:ea96756112ef047ce7eb3c1380b6dfdbe724b5fc724a9b02578d547fb19be07d", size = 42600043 },
    { url = "https://files.pythonhosted.org/packages/c2/7c/e76d81a7b6e2a39928e3b6a2329be9637de3421d883047a178c927e73407/ifcopenshell-0.8.4.post1-py39-none-win_amd64.whl", hash = "sha256:c56d1e6733e780596cc202309b34a8044ceacfc007bb12728b4598eca243f821", size = 24421469 },
]

[[package]]
name = "iniconfig"
version = "2.3.0"
source = { registry = "https://pypi.org/simple" }
sdist = { url = "https://files.pythonhosted.org/packages/72/34/14ca021ce8e5dfedc35312d08ba8bf51fdd999c576889fc2c24cb97f4f10/iniconfig-2.3.0.tar.gz", hash = "sha256:c76315c77db068650d49c5b56314774a7804df16fee4402c1f19d6d15d8c4730", size = 20503 }
wheels = [
    { url = "https://files.pythonhosted.org/packages/cb/b1/3846dd7f199d53cb17f49cba7e651e9ce294d8497c8c150530ed11865bb8/iniconfig-2.3.0-py3-none-any.whl", hash = "sha256:f631c04d2c48c52b84d0d0549c99ff3859c98df65b3101406327ecc7d53fbf12", size = 7484 },
]

[[package]]
name = "isodate"
version = "0.7.2"
source = { registry = "https://pypi.org/simple" }
sdist = { url = "https://files.pythonhosted.org/packages/54/4d/e940025e2ce31a8ce1202635910747e5a87cc3a6a6bb2d00973375014749/isodate-0.7.2.tar.gz", hash = "sha256:4cd1aa0f43ca76f4a6c6c0292a85f40b35ec2e43e315b59f06e6d32171a953e6", size = 29705 }
wheels = [
    { url = "https://files.pythonhosted.org/packages/15/aa/0aca39a37d3c7eb941ba736ede56d689e7be91cab5d9ca846bde3999eba6/isodate-0.7.2-py3-none-any.whl", hash = "sha256:28009937d8031054830160fce6d409ed342816b543597cece116d966c6d99e15", size = 22320 },
]

[[package]]
name = "lark"
version = "1.3.1"
source = { registry = "https://pypi.org/simple" }
sdist = { url = "https://files.pythonhosted.org/packages/da/34/28fff3ab31ccff1fd4f6c7c7b0ceb2b6968d8ea4950663eadcb5720591a0/lark-1.3.1.tar.gz", hash = "sha256:b426a7a6d6d53189d318f2b6236ab5d6429eaf09259f1ca33eb716eed10d2905", size = 382732 }
wheels = [
    { url = "https://files.pythonhosted.org/packages/82/3d/14ce75ef66813643812f3093ab17e46d3a206942ce7376d31ec2d36229e7/lark-1.3.1-py3-none-any.whl", hash = "sha256:c629b661023a014c37da873b4ff58a817398d12635d3bbb2c5a03be7fe5d1e12", size = 113151 },
]

[[package]]
name = "lz4"
version = "4.4.5"
source = { registry = "https://pypi.org/simple" }
sdist = { url = "https://files.pythonhosted.org/packages/57/51/f1b86d93029f418033dddf9b9f79c8d2641e7454080478ee2aab5123173e/lz4-4.4.5.tar.gz", hash = "sha256:5f0b9e53c1e82e88c10d7c180069363980136b9d7a8306c4dca4f760d60c39f0", size = 172886 }
wheels = [
    { url = "https://files.pythonhosted.org/packages/2f/46/08fd8ef19b782f301d56a9ccfd7dafec5fd4fc1a9f017cf22a1accb585d7/lz4-4.4.5-cp313-cp313-macosx_10_13_x86_64.whl", hash = "sha256:6bb05416444fafea170b07181bc70640975ecc2a8c92b3b658c554119519716c", size = 207171 },
    { url = "https://files.pythonhosted.org/packages/8f/3f/ea3334e59de30871d773963997ecdba96c4584c5f8007fd83cfc8f1ee935/lz4-4.4.5-cp313-cp313-macosx_11_0_arm64.whl", hash = "sha256:b424df1076e40d4e884cfcc4c77d815368b7fb9ebcd7e634f937725cd9a8a72a", size = 207163 },
    { url = "https://files.pythonhosted.org/packages/41/7b/7b3a2a0feb998969f4793c650bb16eff5b06e80d1f7bff867feb332f2af2/lz4-4.4.5-cp313-cp313-manylinux1_i686.manylinux_2_28_i686.manylinux_2_5_i686.whl", hash = "sha256:216ca0c6c90719731c64f41cfbd6f27a736d7e50a10b70fad2a9c9b262ec923d", size = 1292136 },
    { url = "https://files.pythonhosted.org/packages/89/d1/f1d259352227bb1c185288dd694121ea303e43404aa77560b879c90e7073/lz4-4.4.5-cp313-cp313-manylinux2014_aarch64.manylinux_2_17_aarch64.manylinux_2_28_aarch64.whl", hash = "sha256:533298d208b58b651662dd972f52d807d48915176e5b032fb4f8c3b6f5fe535c", size = 1279639 },
    { url = "https://files.pythonhosted.org/packages/d2/fb/ba9256c48266a09012ed1d9b0253b9aa4fe9cdff094f8febf5b26a4aa2a2/lz4-4.4.5-cp313-cp313-manylinux2014_x86_64.manylinux_2_17_x86_64.manylinux_2_28_x86_64.whl", hash = "sha256:451039b609b9a88a934800b5fc6ee401c89ad9c175abf2f4d9f8b2e4ef1afc64", size = 1368257 },
    { url = "https://files.pythonhosted.org/packages/a5/6d/dee32a9430c8b0e01bbb4537573cabd00555827f1a0a42d4e24ca803935c/lz4-4.4.5-cp313-cp313-win32.whl", hash = "sha256:a5f197ffa6fc0e93207b0af71b302e0a2f6f29982e5de0fbda61606dd3a55832", size = 88191 },
    { url = "https://files.pythonhosted.org/packages/18/e0/f06028aea741bbecb2a7e9648f4643235279a770c7ffaf70bd4860c73661/lz4-4.4.5-cp313-cp313-win_amd64.whl", hash = "sha256:da68497f78953017deb20edff0dba95641cc86e7423dfadf7c0264e1ac60dc22", size = 99502 },
    { url = "https://files.pythonhosted.org/packages/61/72/5bef44afb303e56078676b9f2486f13173a3c1e7f17eaac1793538174817/lz4-4.4.5-cp313-cp313-win_arm64.whl", hash = "sha256:c1cfa663468a189dab510ab231aad030970593f997746d7a324d40104db0d0a9", size = 91285 },
    { url = "https://files.pythonhosted.org/packages/49/55/6a5c2952971af73f15ed4ebfdd69774b454bd0dc905b289082ca8664fba1/lz4-4.4.5-cp313-cp313t-macosx_10_13_x86_64.whl", hash = "sha256:67531da3b62f49c939e09d56492baf397175ff39926d0bd5bd2d191ac2bff95f", size = 207348 },
    { url = "https://files.pythonhosted.org/packages/4e/d7/fd62cbdbdccc35341e83aabdb3f6d5c19be2687d0a4eaf6457ddf53bba64/lz4-4.4.5-cp313-cp313t-macosx_11_0_arm64.whl", hash = "sha256:a1acbbba9edbcbb982bc2cac5e7108f0f553aebac1040fbec67a011a45afa1ba", size = 207340 },
    { url = "https://files.pythonhosted.org/packages/77/69/225ffadaacb4b0e0eb5fd263541edd938f16cd21fe1eae3cd6d5b6a259dc/lz4-4.4.5-cp313-cp313t-manylinux1_i686.manylinux_2_28_i686.manylinux_2_5_i686.whl", hash = "sha256:a482eecc0b7829c89b498fda883dbd50e98153a116de612ee7c111c8bcf82d1d", size = 1293398 },
    { url = "https://files.pythonhosted.org/packages/c6/9e/2ce59ba4a21ea5dc43460cba6f34584e187328019abc0e66698f2b66c881/lz4-4.4.5-cp313-cp313t-manylinux2014_aarch64.manylinux_2_17_aarch64.manylinux_2_28_aarch64.whl", hash = "sha256:e099ddfaa88f59dd8d36c8a3c66bd982b4984edf127eb18e30bb49bdba68ce67", size = 1281209 },
    { url = "https://files.pythonhosted.org/packages/80/4f/4d946bd1624ec229b386a3bc8e7a85fa9a963d67d0a62043f0af0978d3da/lz4-4.4.5-cp313-cp313t-manylinux2014_x86_64.manylinux_2_17_x86_64.manylinux_2_28_x86_64.whl", hash = "sha256:a2af2897333b421360fdcce895c6f6281dc3fab018d19d341cf64d043fc8d90d", size = 1369406 },
    { url = "https://files.pythonhosted.org/packages/02/a2/d429ba4720a9064722698b4b754fb93e42e625f1318b8fe834086c7c783b/lz4-4.4.5-cp313-cp313t-win32.whl", hash = "sha256:66c5de72bf4988e1b284ebdd6524c4bead2c507a2d7f172201572bac6f593901", size = 88325 },
    { url = "https://files.pythonhosted.org/packages/4b/85/7ba10c9b97c06af6c8f7032ec942ff127558863df52d866019ce9d2425cf/lz4-4.4.5-cp313-cp313t-win_amd64.whl", hash = "sha256:cdd4bdcbaf35056086d910d219106f6a04e1ab0daa40ec0eeef1626c27d0fddb", size = 99643 },
    { url = "https://files.pythonhosted.org/packages/77/4d/a175459fb29f909e13e57c8f475181ad8085d8d7869bd8ad99033e3ee5fa/lz4-4.4.5-cp313-cp313t-win_arm64.whl", hash = "sha256:28ccaeb7c5222454cd5f60fcd152564205bcb801bd80e125949d2dfbadc76bbd", size = 91504 },
    { url = "https://files.pythonhosted.org/packages/63/9c/70bdbdb9f54053a308b200b4678afd13efd0eafb6ddcbb7f00077213c2e5/lz4-4.4.5-cp314-cp314-macosx_10_15_x86_64.whl", hash = "sha256:c216b6d5275fc060c6280936bb3bb0e0be6126afb08abccde27eed23dead135f", size = 207586 },
    { url = "https://files.pythonhosted.org/packages/b6/cb/bfead8f437741ce51e14b3c7d404e3a1f6b409c440bad9b8f3945d4c40a7/lz4-4.4.5-cp314-cp314-macosx_11_0_arm64.whl", hash = "sha256:c8e71b14938082ebaf78144f3b3917ac715f72d14c076f384a4c062df96f9df6", size = 207161 },
    { url = "https://files.pythonhosted.org/packages/e7/18/b192b2ce465dfbeabc4fc957ece7a1d34aded0d95a588862f1c8a86ac448/lz4-4.4.5-cp314-cp314-manylinux1_i686.manylinux_2_28_i686.manylinux_2_5_i686.whl", hash = "sha256:9b5e6abca8df9f9bdc5c3085f33ff32cdc86ed04c65e0355506d46a5ac19b6e9", size = 1292415 },
    { url = "https://files.pythonhosted.org/packages/67/79/a4e91872ab60f5e89bfad3e996ea7dc74a30f27253faf95865771225ccba/lz4-4.4.5-cp314-cp314-manylinux2014_aarch64.manylinux_2_17_aarch64.manylinux_2_28_aarch64.whl", hash = "sha256:3b84a42da86e8ad8537aabef062e7f661f4a877d1c74d65606c49d835d36d668", size = 1279920 },
    { url = "https://files.pythonhosted.org/packages/f1/01/d52c7b11eaa286d49dae619c0eec4aabc0bf3cda7a7467eb77c62c4471f3/lz4-4.4.5-cp314-cp314-manylinux2014_x86_64.manylinux_2_17_x86_64.manylinux_2_28_x86_64.whl", hash = "sha256:0bba042ec5a61fa77c7e380351a61cb768277801240249841defd2ff0a10742f", size = 1368661 },
    { url = "https://files.pythonhosted.org/packages/f7/da/137ddeea14c2cb86864838277b2607d09f8253f152156a07f84e11768a28/lz4-4.4.5-cp314-cp314-win32.whl", hash = "sha256:bd85d118316b53ed73956435bee1997bd06cc66dd2fa74073e3b1322bd520a67", size = 90139 },
    { url = "https://files.pythonhosted.org/packages/18/2c/8332080fd293f8337779a440b3a143f85e374311705d243439a3349b81ad/lz4-4.4.5-cp314-cp314-win_amd64.whl", hash = "sha256:92159782a4502858a21e0079d77cdcaade23e8a5d252ddf46b0652604300d7be", size = 101497 },
    { url = "https://files.pythonhosted.org/packages/ca/28/2635a8141c9a4f4bc23f5135a92bbcf48d928d8ca094088c962df1879d64/lz4-4.4.5-cp314-cp314-win_arm64.whl", hash = "sha256:d994b87abaa7a88ceb7a37c90f547b8284ff9da694e6afcfaa8568d739faf3f7", size = 93812 },
]

[[package]]
name = "mutf8"
version = "1.0.6"
source = { registry = "https://pypi.org/simple" }
sdist = { url = "https://files.pythonhosted.org/packages/ca/31/3c57313757b3a47dcf32d2a9bad55d913b797efc8814db31bed8a7142396/mutf8-1.0.6.tar.gz", hash = "sha256:1bbbefb67c2e5a57104750bb04b0912200b57b2fa9841be245279e83859cb346", size = 6424 }

[[package]]
name = "numpy"
version = "1.26.4"
source = { registry = "https://pypi.org/simple" }
sdist = { url = "https://files.pythonhosted.org/packages/65/6e/09db70a523a96d25e115e71cc56a6f9031e7b8cd166c1ac8438307c14058/numpy-1.26.4.tar.gz", hash = "sha256:2a02aba9ed12e4ac4eb3ea9421c420301a0c6460d9830d74a9df87efa4912010", size = 15786129 }

[[package]]
name = "packaging"
version = "26.0"
source = { registry = "https://pypi.org/simple" }
sdist = { url = "https://files.pythonhosted.org/packages/65/ee/299d360cdc32edc7d2cf530f3accf79c4fca01e96ffc950d8a52213bd8e4/packaging-26.0.tar.gz", hash = "sha256:00243ae351a257117b6a241061796684b084ed1c516a08c48a3f7e147a9d80b4", size = 143416 }
wheels = [
    { url = "https://files.pythonhosted.org/packages/b7/b9/c538f279a4e237a006a2c98387d081e9eb060d203d8ed34467cc0f0b9b53/packaging-26.0-py3-none-any.whl", hash = "sha256:b36f1fef9334a5588b4166f8bcd26a14e521f2b55e6b9de3aaa80d3ff7a37529", size = 74366 },
]

[[package]]
name = "platformdirs"
version = "3.11.0"
source = { registry = "https://pypi.org/simple" }
sdist = { url = "https://files.pythonhosted.org/packages/d3/e3/aa14d6b2c379fbb005993514988d956f1b9fdccd9cbe78ec0dbe5fb79bf5/platformdirs-3.11.0.tar.gz", hash = "sha256:cf8ee52a3afdb965072dcc652433e0c7e3e40cf5ea1477cd4b3b1d2eb75495b3", size = 19914 }
wheels = [
    { url = "https://files.pythonhosted.org/packages/56/29/3ec311dc18804409ecf0d2b09caa976f3ae6215559306b5b530004e11156/platformdirs-3.11.0-py3-none-any.whl", hash = "sha256:e9d171d00af68be50e9202731309c4e658fd8bc76f55c11c7dd760d023bda68e", size = 17579 },
]

[[package]]
name = "pluggy"
version = "1.6.0"
source = { registry = "https://pypi.org/simple" }
sdist = { url = "https://files.pythonhosted.org/packages/f9/e2/3e91f31a7d2b083fe6ef3fa267035b518369d9511ffab804f839851d2779/pluggy-1.6.0.tar.gz", hash = "sha256:7dcc130b76258d33b90f61b658791dede3486c3e6bfb003ee5c9bfb396dd22f3", size = 69412 }
wheels = [
    { url = "https://files.pythonhosted.org/packages/54/20/4d324d65cc6d9205fabedc306948156824eb9f0ee1633355a8f7ec5c66bf/pluggy-1.6.0-py3-none-any.whl", hash = "sha256:e920276dd6813095e9377c0bc5566d94c932c33b27a3e3945d8389c374dd4746", size = 20538 },
]

[[package]]
name = "portalocker"
version = "2.10.1"
source = { registry = "https://pypi.org/simple" }
dependencies = [
    { name = "pywin32", marker = "sys_platform == 'win32'" },
]
sdist = { url = "https://files.pythonhosted.org/packages/ed/d3/c6c64067759e87af98cc668c1cc75171347d0f1577fab7ca3749134e3cd4/portalocker-2.10.1.tar.gz", hash = "sha256:ef1bf844e878ab08aee7e40184156e1151f228f103aa5c6bd0724cc330960f8f", size = 40891 }
wheels = [
    { url = "https://files.pythonhosted.org/packages/9b/fb/a70a4214956182e0d7a9099ab17d50bfcba1056188e9b14f35b9e2b62a0d/portalocker-2.10.1-py3-none-any.whl", hash = "sha256:53a5984ebc86a025552264b459b46a2086e269b21823cb572f8f28ee759e45bf", size = 18423 },
]

[[package]]
name = "pygments"
version = "2.19.2"
source = { registry = "https://pypi.org/simple" }
sdist = { url = "https://files.pythonhosted.org/packages/b0/77/a5b8c569bf593b0140bde72ea885a803b82086995367bf2037de0159d924/pygments-2.19.2.tar.gz", hash = "sha256:636cb2477cec7f8952536970bc533bc43743542f70392ae026374600add5b887", size = 4968631 }
wheels = [
    { url = "https://files.pythonhosted.org/packages/c7/21/705964c7812476f378728bdf590ca4b771ec72385c533964653c68e86bdc/pygments-2.19.2-py3-none-any.whl", hash = "sha256:86540386c03d588bb81d44bc3928634ff26449851e99741617ecb9037ee5ec0b", size = 1225217 },
]

[[package]]
name = "pymctranslate"
version = "1.2.40"
source = { registry = "https://pypi.org/simple" }
dependencies = [
    { name = "amulet-nbt" },
    { name = "numpy" },
]
sdist = { url = "https://files.pythonhosted.org/packages/f4/32/a181356c3ce75e8917da268931c292dbe15c87507dd0547e6e7933b3f149/pymctranslate-1.2.40.tar.gz", hash = "sha256:981fd589cf127f5df312e5f0ebb7b27a4d02f8947ad8a3f7315b3c82c5cdbf45", size = 14969867 }
wheels = [
    { url = "https://files.pythonhosted.org/packages/e9/94/ffb28ac3ee2939112389b62aae862baa374c20833590c907fdbcc3249232/pymctranslate-1.2.40-py3-none-any.whl", hash = "sha256:44339b379d6c96ff1c10510092615296f5cc3323611ff6c4523c5eb23dc064e3", size = 1410904 },
]

[[package]]
name = "pytest"
version = "9.0.2"
source = { registry = "https://pypi.org/simple" }
dependencies = [
    { name = "colorama", marker = "sys_platform == 'win32'" },
    { name = "iniconfig" },
    { name = "packaging" },
    { name = "pluggy" },
    { name = "pygments" },
]
sdist = { url = "https://files.pythonhosted.org/packages/d1/db/7ef3487e0fb0049ddb5ce41d3a49c235bf9ad299b6a25d5780a89f19230f/pytest-9.0.2.tar.gz", hash = "sha256:75186651a92bd89611d1d9fc20f0b4345fd827c41ccd5c299a868a05d70edf11", size = 1568901 }
wheels = [
    { url = "https://files.pythonhosted.org/packages/3b/ab/b3226f0bd7cdcf710fbede2b3548584366da3b19b5021e74f5bde2a8fa3f/pytest-9.0.2-py3-none-any.whl", hash = "sha256:711ffd45bf766d5264d487b917733b453d917afd2b0ad65223959f59089f875b", size = 374801 },
]

[[package]]
name = "python-dateutil"
version = "2.9.0.post0"
source = { registry = "https://pypi.org/simple" }
dependencies = [
    { name = "six" },
]
sdist = { url = "https://files.pythonhosted.org/packages/66/c0/0c8b6ad9f17a802ee498c46e004a0eb49bc148f2fd230864601a86dcf6db/python-dateutil-2.9.0.post0.tar.gz", hash = "sha256:37dd54208da7e1cd875388217d5e00ebd4179249f90fb72437e91a35459a0ad3", size = 342432 }
wheels = [
    { url = "https://files.pythonhosted.org/packages/ec/57/56b9bcc3c9c6a792fcbaf139543cee77261f3651ca9da0c93f5c1221264b/python_dateutil-2.9.0.post0-py2.py3-none-any.whl", hash = "sha256:a8b2bc7bffae282281c8140a97d3aa9c14da0b136dfe83f850eea9a5f7470427", size = 229892 },
]

[[package]]
name = "pywin32"
version = "311"
source = { registry = "https://pypi.org/simple" }
wheels = [
    { url = "https://files.pythonhosted.org/packages/a5/be/3fd5de0979fcb3994bfee0d65ed8ca9506a8a1260651b86174f6a86f52b3/pywin32-311-cp313-cp313-win32.whl", hash = "sha256:f95ba5a847cba10dd8c4d8fefa9f2a6cf283b8b88ed6178fa8a6c1ab16054d0d", size = 8705700 },
    { url = "https://files.pythonhosted.org/packages/e3/28/e0a1909523c6890208295a29e05c2adb2126364e289826c0a8bc7297bd5c/pywin32-311-cp313-cp313-win_amd64.whl", hash = "sha256:718a38f7e5b058e76aee1c56ddd06908116d35147e133427e59a3983f703a20d", size = 9494700 },
    { url = "https://files.pythonhosted.org/packages/04/bf/90339ac0f55726dce7d794e6d79a18a91265bdf3aa70b6b9ca52f35e022a/pywin32-311-cp313-cp313-win_arm64.whl", hash = "sha256:7b4075d959648406202d92a2310cb990fea19b535c7f4a78d3f5e10b926eeb8a", size = 8709318 },
    { url = "https://files.pythonhosted.org/packages/c9/31/097f2e132c4f16d99a22bfb777e0fd88bd8e1c634304e102f313af69ace5/pywin32-311-cp314-cp314-win32.whl", hash = "sha256:b7a2c10b93f8986666d0c803ee19b5990885872a7de910fc460f9b0c2fbf92ee", size = 8840714 },
    { url = "https://files.pythonhosted.org/packages/90/4b/07c77d8ba0e01349358082713400435347df8426208171ce297da32c313d/pywin32-311-cp314-cp314-win_amd64.whl", hash = "sha256:3aca44c046bd2ed8c90de9cb8427f581c479e594e99b5c0bb19b29c10fd6cb87", size = 9656800 },
    { url = "https://files.pythonhosted.org/packages/c0/d2/21af5c535501a7233e734b8af901574572da66fcc254cb35d0609c9080dd/pywin32-311-cp314-cp314-win_arm64.whl", hash = "sha256:a508e2d9025764a8270f93111a970e1d0fbfc33f4153b388bb649b7eec4f9b42", size = 8932540 },
]

[[package]]
name = "shapely"
version = "2.1.2"
source = { registry = "https://pypi.org/simple" }
dependencies = [
    { name = "numpy" },
]
sdist = { url = "https://files.pythonhosted.org/packages/4d/bc/0989043118a27cccb4e906a46b7565ce36ca7b57f5a18b78f4f1b0f72d9d/shapely-2.1.2.tar.gz", hash = "sha256:2ed4ecb28320a433db18a5bf029986aa8afcfd740745e78847e330d5d94922a9", size = 315489 }
wheels = [
    { url = "https://files.pythonhosted.org/packages/c3/90/98ef257c23c46425dc4d1d31005ad7c8d649fe423a38b917db02c30f1f5a/shapely-2.1.2-cp313-cp313-macosx_10_13_x86_64.whl", hash = "sha256:b510dda1a3672d6879beb319bc7c5fd302c6c354584690973c838f46ec3e0fa8", size = 1832644 },
    { url = "https://files.pythonhosted.org/packages/6d/ab/0bee5a830d209adcd3a01f2d4b70e587cdd9fd7380d5198c064091005af8/shapely-2.1.2-cp313-cp313-macosx_11_0_arm64.whl", hash = "sha256:8cff473e81017594d20ec55d86b54bc635544897e13a7cfc12e36909c5309a2a", size = 1642887 },
    { url = "https://files.pythonhosted.org/packages/2d/5e/7d7f54ba960c13302584c73704d8c4d15404a51024631adb60b126a4ae88/shapely-2.1.2-cp313-cp313-manylinux2014_aarch64.manylinux_2_17_aarch64.whl", hash = "sha256:fe7b77dc63d707c09726b7908f575fc04ff1d1ad0f3fb92aec212396bc6cfe5e", size = 2970931 },
    { url = "https://files.pythonhosted.org/packages/f2/a2/83fc37e2a58090e3d2ff79175a95493c664bcd0b653dd75cb9134645a4e5/shapely-2.1.2-cp313-cp313-manylinux2014_x86_64.manylinux_2_17_x86_64.whl", hash = "sha256:7ed1a5bbfb386ee8332713bf7508bc24e32d24b74fc9a7b9f8529a55db9f4ee6", size = 3082855 },
    { url = "https://files.pythonhosted.org/packages/44/2b/578faf235a5b09f16b5f02833c53822294d7f21b242f8e2d0cf03fb64321/shapely-2.1.2-cp313-cp313-musllinux_1_2_aarch64.whl", hash = "sha256:a84e0582858d841d54355246ddfcbd1fce3179f185da7470f41ce39d001ee1af", size = 3979960 },
    { url = "https://files.pythonhosted.org/packages/4d/04/167f096386120f692cc4ca02f75a17b961858997a95e67a3cb6a7bbd6b53/shapely-2.1.2-cp313-cp313-musllinux_1_2_x86_64.whl", hash = "sha256:dc3487447a43d42adcdf52d7ac73804f2312cbfa5d433a7d2c506dcab0033dfd", size = 4142851 },
    { url = "https://files.pythonhosted.org/packages/48/74/fb402c5a6235d1c65a97348b48cdedb75fb19eca2b1d66d04969fc1c6091/shapely-2.1.2-cp313-cp313-win32.whl", hash = "sha256:9c3a3c648aedc9f99c09263b39f2d8252f199cb3ac154fadc173283d7d111350", size = 1541890 },
    { url = "https://files.pythonhosted.org/packages/41/47/3647fe7ad990af60ad98b889657a976042c9988c2807cf322a9d6685f462/shapely-2.1.2-cp313-cp313-win_amd64.whl", hash = "sha256:ca2591bff6645c216695bdf1614fca9c82ea1144d4a7591a466fef64f28f0715", size = 1722151 },
    { url = "https://files.pythonhosted.org/packages/3c/49/63953754faa51ffe7d8189bfbe9ca34def29f8c0e34c67cbe2a2795f269d/shapely-2.1.2-cp313-cp313t-macosx_10_13_x86_64.whl", hash = "sha256:2d93d23bdd2ed9dc157b46bc2f19b7da143ca8714464249bef6771c679d5ff40", size = 1834130 },
    { url = "https://files.pythonhosted.org/packages/7f/ee/dce001c1984052970ff60eb4727164892fb2d08052c575042a47f5a9e88f/shapely-2.1.2-cp313-cp313t-macosx_11_0_arm64.whl", hash = "sha256:01d0d304b25634d60bd7cf291828119ab55a3bab87dc4af1e44b07fb225f188b", size = 1642802 },
    { url = "https://files.pythonhosted.org/packages/da/e7/fc4e9a19929522877fa602f705706b96e78376afb7fad09cad5b9af1553c/shapely-2.1.2-cp313-cp313t-manylinux2014_aarch64.manylinux_2_17_aarch64.whl", hash = "sha256:8d8382dd120d64b03698b7298b89611a6ea6f55ada9d39942838b79c9bc89801", size = 3018460 },
    { url = "https://files.pythonhosted.org/packages/a1/18/7519a25db21847b525696883ddc8e6a0ecaa36159ea88e0fef11466384d0/shapely-2.1.2-cp313-cp313t-manylinux2014_x86_64.manylinux_2_17_x86_64.whl", hash = "sha256:19efa3611eef966e776183e338b2d7ea43569ae99ab34f8d17c2c054d3205cc0", size = 3095223 },
    { url = "https://files.pythonhosted.org/packages/48/de/b59a620b1f3a129c3fecc2737104a0a7e04e79335bd3b0a1f1609744cf17/shapely-2.1.2-cp313-cp313t-musllinux_1_2_aarch64.whl", hash = "sha256:346ec0c1a0fcd32f57f00e4134d1200e14bf3f5ae12af87ba83ca275c502498c", size = 4030760 },
    { url = "https://files.pythonhosted.org/packages/96/b3/c6655ee7232b417562bae192ae0d3ceaadb1cc0ffc2088a2ddf415456cc2/shapely-2.1.2-cp313-cp313t-musllinux_1_2_x86_64.whl", hash = "sha256:6305993a35989391bd3476ee538a5c9a845861462327efe00dd11a5c8c709a99", size = 4170078 },
    { url = "https://files.pythonhosted.org/packages/a0/8e/605c76808d73503c9333af8f6cbe7e1354d2d238bda5f88eea36bfe0f42a/shapely-2.1.2-cp313-cp313t-win32.whl", hash = "sha256:c8876673449f3401f278c86eb33224c5764582f72b653a415d0e6672fde887bf", size = 1559178 },
    { url = "https://files.pythonhosted.org/packages/36/f7/d317eb232352a1f1444d11002d477e54514a4a6045536d49d0c59783c0da/shapely-2.1.2-cp313-cp313t-win_amd64.whl", hash = "sha256:4a44bc62a10d84c11a7a3d7c1c4fe857f7477c3506e24c9062da0db0ae0c449c", size = 1739756 },
    { url = "https://files.pythonhosted.org/packages/fc/c4/3ce4c2d9b6aabd27d26ec988f08cb877ba9e6e96086eff81bfea93e688c7/shapely-2.1.2-cp314-cp314-macosx_10_13_x86_64.whl", hash = "sha256:9a522f460d28e2bf4e12396240a5fc1518788b2fcd73535166d748399ef0c223", size = 1831290 },
    { url = "https://files.pythonhosted.org/packages/17/b9/f6ab8918fc15429f79cb04afa9f9913546212d7fb5e5196132a2af46676b/shapely-2.1.2-cp314-cp314-macosx_11_0_arm64.whl", hash = "sha256:1ff629e00818033b8d71139565527ced7d776c269a49bd78c9df84e8f852190c", size = 1641463 },
    { url = "https://files.pythonhosted.org/packages/a5/57/91d59ae525ca641e7ac5551c04c9503aee6f29b92b392f31790fcb1a4358/shapely-2.1.2-cp314-cp314-manylinux2014_aarch64.manylinux_2_17_aarch64.whl", hash = "sha256:f67b34271dedc3c653eba4e3d7111aa421d5be9b4c4c7d38d30907f796cb30df", size = 2970145 },
    { url = "https://files.pythonhosted.org/packages/8a/cb/4948be52ee1da6927831ab59e10d4c29baa2a714f599f1f0d1bc747f5777/shapely-2.1.2-cp314-cp314-manylinux2014_x86_64.manylinux_2_17_x86_64.whl", hash = "sha256:21952dc00df38a2c28375659b07a3979d22641aeb104751e769c3ee825aadecf", size = 3073806 },
    { url = "https://files.pythonhosted.org/packages/03/83/f768a54af775eb41ef2e7bec8a0a0dbe7d2431c3e78c0a8bdba7ab17e446/shapely-2.1.2-cp314-cp314-musllinux_1_2_aarch64.whl", hash = "sha256:1f2f33f486777456586948e333a56ae21f35ae273be99255a191f5c1fa302eb4", size = 3980803 },
    { url = "https://files.pythonhosted.org/packages/9f/cb/559c7c195807c91c79d38a1f6901384a2878a76fbdf3f1048893a9b7534d/shapely-2.1.2-cp314-cp314-musllinux_1_2_x86_64.whl", hash = "sha256:cf831a13e0d5a7eb519e96f58ec26e049b1fad411fc6fc23b162a7ce04d9cffc", size = 4133301 },
    { url = "https://files.pythonhosted.org/packages/80/cd/60d5ae203241c53ef3abd2ef27c6800e21afd6c94e39db5315ea0cbafb4a/shapely-2.1.2-cp314-cp314-win32.whl", hash = "sha256:61edcd8d0d17dd99075d320a1dd39c0cb9616f7572f10ef91b4b5b00c4aeb566", size = 1583247 },
    { url = "https://files.pythonhosted.org/packages/74/d4/135684f342e909330e50d31d441ace06bf83c7dc0777e11043f99167b123/shapely-2.1.2-cp314-cp314-win_amd64.whl", hash = "sha256:a444e7afccdb0999e203b976adb37ea633725333e5b119ad40b1ca291ecf311c", size = 1773019 },
    { url = "https://files.pythonhosted.org/packages/a3/05/a44f3f9f695fa3ada22786dc9da33c933da1cbc4bfe876fe3a100bafe263/shapely-2.1.2-cp314-cp314t-macosx_10_13_x86_64.whl", hash = "sha256:5ebe3f84c6112ad3d4632b1fd2290665aa75d4cef5f6c5d77c4c95b324527c6a", size = 1834137 },
    { url = "https://files.pythonhosted.org/packages/52/7e/4d57db45bf314573427b0a70dfca15d912d108e6023f623947fa69f39b72/shapely-2.1.2-cp314-cp314t-macosx_11_0_arm64.whl", hash = "sha256:5860eb9f00a1d49ebb14e881f5caf6c2cf472c7fd38bd7f253bbd34f934eb076", size = 1642884 },
    { url = "https://files.pythonhosted.org/packages/5a/27/4e29c0a55d6d14ad7422bf86995d7ff3f54af0eba59617eb95caf84b9680/shapely-2.1.2-cp314-cp314t-manylinux2014_aarch64.manylinux_2_17_aarch64.whl", hash = "sha256:b705c99c76695702656327b819c9660768ec33f5ce01fa32b2af62b56ba400a1", size = 3018320 },
    { url = "https://files.pythonhosted.org/packages/9f/bb/992e6a3c463f4d29d4cd6ab8963b75b1b1040199edbd72beada4af46bde5/shapely-2.1.2-cp314-cp314t-manylinux2014_x86_64.manylinux_2_17_x86_64.whl", hash = "sha256:a1fd0ea855b2cf7c9cddaf25543e914dd75af9de08785f20ca3085f2c9ca60b0", size = 3094931 },
    { url = "https://files.pythonhosted.org/packages/9c/16/82e65e21070e473f0ed6451224ed9fa0be85033d17e0c6e7213a12f59d12/shapely-2.1.2-cp314-cp314t-musllinux_1_2_aarch64.whl", hash = "sha256:df90e2db118c3671a0754f38e36802db75fe0920d211a27481daf50a711fdf26", size = 4030406 },
    { url = "https://files.pythonhosted.org/packages/7c/75/c24ed871c576d7e2b64b04b1fe3d075157f6eb54e59670d3f5ffb36e25c7/shapely-2.1.2-cp314-cp314t-musllinux_1_2_x86_64.whl", hash = "sha256:361b6d45030b4ac64ddd0a26046906c8202eb60d0f9f53085f5179f1d23021a0", size = 4169511 },
    { url = "https://files.pythonhosted.org/packages/b1/f7/b3d1d6d18ebf55236eec1c681ce5e665742aab3c0b7b232720a7d43df7b6/shapely-2.1.2-cp314-cp314t-win32.whl", hash = "sha256:b54df60f1fbdecc8ebc2c5b11870461a6417b3d617f555e5033f1505d36e5735", size = 1602607 },
    { url = "https://files.pythonhosted.org/packages/9a/f6/f09272a71976dfc138129b8faf435d064a811ae2f708cb147dccdf7aacdb/shapely-2.1.2-cp314-cp314t-win_amd64.whl", hash = "sha256:0036ac886e0923417932c2e6369b6c52e38e0ff5d9120b90eef5cd9a5fc5cae9", size = 1796682 },
]

[[package]]
name = "six"
version = "1.17.0"
source = { registry = "https://pypi.org/simple" }
sdist = { url = "https://files.pythonhosted.org/packages/94/e7/b2c673351809dca68a0e064b6af791aa332cf192da575fd474ed7d6f16a2/six-1.17.0.tar.gz", hash = "sha256:ff70335d468e7eb6ec65b95b99d3a2836546063f63acc5171de367e834932a81", size = 34031 }
wheels = [
    { url = "https://files.pythonhosted.org/packages/b7/ce/149a00dd41f10bc29e5921b496af8b574d8413afcd5e30dfa0ed46c2cc5e/six-1.17.0-py2.py3-none-any.whl", hash = "sha256:4721f391ed90541fddacab5acf947aa0d3dc7d27b2e1e8eda2be8970586c3274", size = 11050 },
]

[[package]]
name = "trimesh"
version = "4.11.1"
source = { registry = "https://pypi.org/simple" }
dependencies = [
    { name = "numpy" },
]
sdist = { url = "https://files.pythonhosted.org/packages/4c/6e/e905f84b31e6f3a7957f26a91c6d2c6337def5a888e55ac89fe2b790241b/trimesh-4.11.1.tar.gz", hash = "sha256:9a10040ca5d1c4438e0b7af94433edf6b043f5204393fc97bb85c9159a8bf21e", size = 835062 }
wheels = [
    { url = "https://files.pythonhosted.org/packages/b0/be/69fffc97b78f52a5d1372e5d56a0599291e96996a47089fb6312bc023d88/trimesh-4.11.1-py3-none-any.whl", hash = "sha256:bcc082ced94610ecd2c09b031431d0f3ad74352525e23a41b5688a2897b3e3e0", size = 740352 },
]

[[package]]
name = "typing-extensions"
version = "4.15.0"
source = { registry = "https://pypi.org/simple" }
sdist = { url = "https://files.pythonhosted.org/packages/72/94/1a15dd82efb362ac84269196e94cf00f187f7ed21c242792a923cdb1c61f/typing_extensions-4.15.0.tar.gz", hash = "sha256:0cea48d173cc12fa28ecabc3b837ea3cf6f38c6d1136f85cbaaf598984861466", size = 109391 }
wheels = [
    { url = "https://files.pythonhosted.org/packages/18/67/36e9267722cc04a6b9f15c7f3441c2363321a3ea07da7ae0c0707beb2a9c/typing_extensions-4.15.0-py3-none-any.whl", hash = "sha256:f0fa19c6845758ab08074a0cfa8b7aecb71c999ca73d62883bc25cc018c4e548", size = 44614 },
]
